
Microsoft Visual Studio Solution File, Format Version 12.00
# Visual Studio Version 16
VisualStudioVersion = 16.0.29025.244
MinimumVisualStudioVersion = 10.0.40219.1
Project("{FAE04EC0-301F-11D3-BF4B-00C04F79EFBC}") = "ufff c shard", "ufff c shard\ufff c shard.csproj", "{3E6DFC4F-ABC4-406D-BCD3-E66846F9D4EE}"
EndProject
Global
	GlobalSection(SolutionConfigurationPlatforms) = preSolution
		Debug|Any CPU = Debug|Any CPU
		Release|Any CPU = Release|Any CPU
	EndGlobalSection
	GlobalSection(ProjectConfigurationPlatforms) = postSolution
		{3E6DFC4F-ABC4-406D-BCD3-E66846F9D4EE}.Debug|Any CPU.ActiveCfg = Debug|Any CPU
		{3E6DFC4F-ABC4-406D-BCD3-E66846F9D4EE}.Debug|Any CPU.Build.0 = Debug|Any CPU
		{3E6DFC4F-ABC4-406D-BCD3-E66846F9D4EE}.Release|Any CPU.ActiveCfg = Release|Any CPU
		{3E6DFC4F-ABC4-406D-BCD3-E66846F9D4EE}.Release|Any CPU.Build.0 = Release|Any CPU
	EndGlobalSection
	GlobalSection(SolutionProperties) = preSolution
		HideSolutionNode = FALSE
	EndGlobalSection
	GlobalSection(ExtensibilityGlobals) = postSolution
		SolutionGuid = {40F49486-9535-4A88-8F20-389DDFD2C678}
	EndGlobalSection
EndGlobal
